github.com/lib/pq v1.10.9 h1:YXG7RB+JIjhP29X+OtkiDnYaXQwpS4JEWq7dtCCRUEw=
github.com/lib/pq v1.10.9/go.mod h1:AlVN5x4E4T544tWzH6hKfbfQvm3HdbOxrmggDNAPY9o=
schneider.vip/retryspool/storage/meta v0.0.2 h1:dWev+erz1KB4Z+LgwctyrmLPfkaSPok21+lXVYHUo9w=
schneider.vip/retryspool/storage/meta v0.0.2/go.mod h1:SZ4F8XBG+XI+AXlBbWMTchl4WudA0T0H85BpteAEpEY=
