github.com/lib/pq v1.10.9 h1:YXG7RB+JIjhP29X+OtkiDnYaXQwpS4JEWq7dtCCRUEw=
github.com/lib/pq v1.10.9/go.mod h1:AlVN5x4E4T544tWzH6hKfbfQvm3HdbOxrmggDNAPY9o=
github.com/lib/pq v1.11.2 h1:x6gxUeu39V0BHZiugWe8LXZYZ+Utk7hSJGThs8sdzfs=
github.com/lib/pq v1.11.2/go.mod h1:/p+8NSbOcwzAEI7wiMXFlgydTwcgTr3OSKMsD2BitpA=
schneider.vip/retryspool/storage/meta v0.0.3 h1:WrwqvAGqFmZaCsJgxTY6qkATuG3Pi3UBiJNB6DzBvIY=
schneider.vip/retryspool/storage/meta v0.0.3/go.mod h1:SZ4F8XBG+XI+AXlBbWMTchl4WudA0T0H85BpteAEpEY=
schneider.vip/retryspool/storage/meta v0.0.4 h1:rxcOqtBelRdwwp95Ve+l2r2O75Ak5/iW0YxP1gPp8x4=
schneider.vip/retryspool/storage/meta v0.0.4/go.mod h1:SZ4F8XBG+XI+AXlBbWMTchl4WudA0T0H85BpteAEpEY=
